
Microsoft Visual Studio Solution File, Format Version 12.00
# Visual Studio Version 17
VisualStudioVersion = 17.1.31903.286
MinimumVisualStudioVersion = 10.0.40219.1
Project("{8BC9CEB8-8B4A-11D0-8D11-00A0C91BC942}") = "lsMiscTest", "lsMiscTest.vcxproj", "{086AB526-37F9-465E-96DF-8229F05B4DBA}"
	ProjectSection(ProjectDependencies) = postProject
		{53B0E186-77AC-4FB8-854D-21D70F19C96F} = {53B0E186-77AC-4FB8-854D-21D70F19C96F}
		{A19F33EE-F6A0-46EF-ADBA-F3B98D889BB0} = {A19F33EE-F6A0-46EF-ADBA-F3B98D889BB0}
		{B422DB6F-B506-4051-8513-EF330624F3BE} = {B422DB6F-B506-4051-8513-EF330624F3BE}
		{C329C38E-5524-40DA-85BF-2B0421585F36} = {C329C38E-5524-40DA-85BF-2B0421585F36}
		{D2E2ED31-84BD-4184-BDA3-1F5E9F270A1A} = {D2E2ED31-84BD-4184-BDA3-1F5E9F270A1A}
	EndProjectSection
EndProject
Project("{8BC9CEB8-8B4A-11D0-8D11-00A0C91BC942}") = "waitinput", "waitinput\waitinput.vcxproj", "{B4624113-9B60-4E4D-80A4-F23A814E2182}"
EndProject
Project("{8BC9CEB8-8B4A-11D0-8D11-00A0C91BC942}") = "RunCommandGetResultCtrlCTest", "RunCommandGetResultCtrlCTest\RunCommandGetResultCtrlCTest.vcxproj", "{B422DB6F-B506-4051-8513-EF330624F3BE}"
	ProjectSection(ProjectDependencies) = postProject
		{B4624113-9B60-4E4D-80A4-F23A814E2182} = {B4624113-9B60-4E4D-80A4-F23A814E2182}
	EndProjectSection
EndProject
Project("{8BC9CEB8-8B4A-11D0-8D11-00A0C91BC942}") = "printversion", "printversion\printversion.vcxproj", "{A19F33EE-F6A0-46EF-ADBA-F3B98D889BB0}"
EndProject
Project("{8BC9CEB8-8B4A-11D0-8D11-00A0C91BC942}") = "ReturnMainWndHandle", "ReturnMainWndHandle\ReturnMainWndHandle.vcxproj", "{C329C38E-5524-40DA-85BF-2B0421585F36}"
EndProject
Project("{8BC9CEB8-8B4A-11D0-8D11-00A0C91BC942}") = "SetSessionGlobalMemory", "SetSessionGlobalMemory\SetSessionGlobalMemory.vcxproj", "{D2E2ED31-84BD-4184-BDA3-1F5E9F270A1A}"
EndProject
Project("{8BC9CEB8-8B4A-11D0-8D11-00A0C91BC942}") = "GetOpenFileTest", "GetOpenFileTest\GetOpenFileTest.vcxproj", "{77CD3990-ECC3-4D56-8984-D835ADEE529A}"
EndProject
Project("{8BC9CEB8-8B4A-11D0-8D11-00A0C91BC942}") = "playground", "playground\playground.vcxproj", "{415B7C62-7007-42EE-A249-03D2B8BEE8D8}"
EndProject
Project("{8BC9CEB8-8B4A-11D0-8D11-00A0C91BC942}") = "GetMutex", "GetMutex\GetMutex.vcxproj", "{53B0E186-77AC-4FB8-854D-21D70F19C96F}"
EndProject
Project("{8BC9CEB8-8B4A-11D0-8D11-00A0C91BC942}") = "guisamples", "guisamples\guisamples.vcxproj", "{59908A6A-0B68-479C-B4FD-645B965BA557}"
EndProject
Project("{8BC9CEB8-8B4A-11D0-8D11-00A0C91BC942}") = "testScreenSaver", "testScreenSaver\testScreenSaver.vcxproj", "{D269DBB3-17C3-4577-96FD-F2A5F72373B3}"
EndProject
Global
	GlobalSection(SolutionConfigurationPlatforms) = preSolution
		Debug|Win32 = Debug|Win32
		Debug|x64 = Debug|x64
		Release|Win32 = Release|Win32
		Release|x64 = Release|x64
	EndGlobalSection
	GlobalSection(ProjectConfigurationPlatforms) = postSolution
		{086AB526-37F9-465E-96DF-8229F05B4DBA}.Debug|Win32.ActiveCfg = Debug|Win32
		{086AB526-37F9-465E-96DF-8229F05B4DBA}.Debug|Win32.Build.0 = Debug|Win32
		{086AB526-37F9-465E-96DF-8229F05B4DBA}.Debug|x64.ActiveCfg = Debug|x64
		{086AB526-37F9-465E-96DF-8229F05B4DBA}.Debug|x64.Build.0 = Debug|x64
		{086AB526-37F9-465E-96DF-8229F05B4DBA}.Release|Win32.ActiveCfg = Release|Win32
		{086AB526-37F9-465E-96DF-8229F05B4DBA}.Release|Win32.Build.0 = Release|Win32
		{086AB526-37F9-465E-96DF-8229F05B4DBA}.Release|x64.ActiveCfg = Release|x64
		{086AB526-37F9-465E-96DF-8229F05B4DBA}.Release|x64.Build.0 = Release|x64
		{B4624113-9B60-4E4D-80A4-F23A814E2182}.Debug|Win32.ActiveCfg = Debug|Win32
		{B4624113-9B60-4E4D-80A4-F23A814E2182}.Debug|Win32.Build.0 = Debug|Win32
		{B4624113-9B60-4E4D-80A4-F23A814E2182}.Debug|x64.ActiveCfg = Debug|x64
		{B4624113-9B60-4E4D-80A4-F23A814E2182}.Debug|x64.Build.0 = Debug|x64
		{B4624113-9B60-4E4D-80A4-F23A814E2182}.Release|Win32.ActiveCfg = Release|Win32
		{B4624113-9B60-4E4D-80A4-F23A814E2182}.Release|Win32.Build.0 = Release|Win32
		{B4624113-9B60-4E4D-80A4-F23A814E2182}.Release|x64.ActiveCfg = Release|x64
		{B4624113-9B60-4E4D-80A4-F23A814E2182}.Release|x64.Build.0 = Release|x64
		{B422DB6F-B506-4051-8513-EF330624F3BE}.Debug|Win32.ActiveCfg = Debug|Win32
		{B422DB6F-B506-4051-8513-EF330624F3BE}.Debug|Win32.Build.0 = Debug|Win32
		{B422DB6F-B506-4051-8513-EF330624F3BE}.Debug|x64.ActiveCfg = Debug|x64
		{B422DB6F-B506-4051-8513-EF330624F3BE}.Debug|x64.Build.0 = Debug|x64
		{B422DB6F-B506-4051-8513-EF330624F3BE}.Release|Win32.ActiveCfg = Release|Win32
		{B422DB6F-B506-4051-8513-EF330624F3BE}.Release|Win32.Build.0 = Release|Win32
		{B422DB6F-B506-4051-8513-EF330624F3BE}.Release|x64.ActiveCfg = Release|x64
		{B422DB6F-B506-4051-8513-EF330624F3BE}.Release|x64.Build.0 = Release|x64
		{A19F33EE-F6A0-46EF-ADBA-F3B98D889BB0}.Debug|Win32.ActiveCfg = Debug|Win32
		{A19F33EE-F6A0-46EF-ADBA-F3B98D889BB0}.Debug|Win32.Build.0 = Debug|Win32
		{A19F33EE-F6A0-46EF-ADBA-F3B98D889BB0}.Debug|x64.ActiveCfg = Debug|x64
		{A19F33EE-F6A0-46EF-ADBA-F3B98D889BB0}.Debug|x64.Build.0 = Debug|x64
		{A19F33EE-F6A0-46EF-ADBA-F3B98D889BB0}.Release|Win32.ActiveCfg = Release|Win32
		{A19F33EE-F6A0-46EF-ADBA-F3B98D889BB0}.Release|Win32.Build.0 = Release|Win32
		{A19F33EE-F6A0-46EF-ADBA-F3B98D889BB0}.Release|x64.ActiveCfg = Release|x64
		{A19F33EE-F6A0-46EF-ADBA-F3B98D889BB0}.Release|x64.Build.0 = Release|x64
		{C329C38E-5524-40DA-85BF-2B0421585F36}.Debug|Win32.ActiveCfg = Debug|Win32
		{C329C38E-5524-40DA-85BF-2B0421585F36}.Debug|Win32.Build.0 = Debug|Win32
		{C329C38E-5524-40DA-85BF-2B0421585F36}.Debug|x64.ActiveCfg = Debug|x64
		{C329C38E-5524-40DA-85BF-2B0421585F36}.Debug|x64.Build.0 = Debug|x64
		{C329C38E-5524-40DA-85BF-2B0421585F36}.Release|Win32.ActiveCfg = Release|Win32
		{C329C38E-5524-40DA-85BF-2B0421585F36}.Release|Win32.Build.0 = Release|Win32
		{C329C38E-5524-40DA-85BF-2B0421585F36}.Release|x64.ActiveCfg = Release|x64
		{C329C38E-5524-40DA-85BF-2B0421585F36}.Release|x64.Build.0 = Release|x64
		{D2E2ED31-84BD-4184-BDA3-1F5E9F270A1A}.Debug|Win32.ActiveCfg = Debug|Win32
		{D2E2ED31-84BD-4184-BDA3-1F5E9F270A1A}.Debug|Win32.Build.0 = Debug|Win32
		{D2E2ED31-84BD-4184-BDA3-1F5E9F270A1A}.Debug|x64.ActiveCfg = Debug|x64
		{D2E2ED31-84BD-4184-BDA3-1F5E9F270A1A}.Debug|x64.Build.0 = Debug|x64
		{D2E2ED31-84BD-4184-BDA3-1F5E9F270A1A}.Release|Win32.ActiveCfg = Release|Win32
		{D2E2ED31-84BD-4184-BDA3-1F5E9F270A1A}.Release|Win32.Build.0 = Release|Win32
		{D2E2ED31-84BD-4184-BDA3-1F5E9F270A1A}.Release|x64.ActiveCfg = Release|x64
		{D2E2ED31-84BD-4184-BDA3-1F5E9F270A1A}.Release|x64.Build.0 = Release|x64
		{77CD3990-ECC3-4D56-8984-D835ADEE529A}.Debug|Win32.ActiveCfg = Debug|Win32
		{77CD3990-ECC3-4D56-8984-D835ADEE529A}.Debug|Win32.Build.0 = Debug|Win32
		{77CD3990-ECC3-4D56-8984-D835ADEE529A}.Debug|x64.ActiveCfg = Debug|x64
		{77CD3990-ECC3-4D56-8984-D835ADEE529A}.Debug|x64.Build.0 = Debug|x64
		{77CD3990-ECC3-4D56-8984-D835ADEE529A}.Release|Win32.ActiveCfg = Release|Win32
		{77CD3990-ECC3-4D56-8984-D835ADEE529A}.Release|Win32.Build.0 = Release|Win32
		{77CD3990-ECC3-4D56-8984-D835ADEE529A}.Release|x64.ActiveCfg = Release|x64
		{77CD3990-ECC3-4D56-8984-D835ADEE529A}.Release|x64.Build.0 = Release|x64
		{415B7C62-7007-42EE-A249-03D2B8BEE8D8}.Debug|Win32.ActiveCfg = Debug|Win32
		{415B7C62-7007-42EE-A249-03D2B8BEE8D8}.Debug|Win32.Build.0 = Debug|Win32
		{415B7C62-7007-42EE-A249-03D2B8BEE8D8}.Debug|x64.ActiveCfg = Debug|x64
		{415B7C62-7007-42EE-A249-03D2B8BEE8D8}.Debug|x64.Build.0 = Debug|x64
		{415B7C62-7007-42EE-A249-03D2B8BEE8D8}.Release|Win32.ActiveCfg = Release|Win32
		{415B7C62-7007-42EE-A249-03D2B8BEE8D8}.Release|Win32.Build.0 = Release|Win32
		{415B7C62-7007-42EE-A249-03D2B8BEE8D8}.Release|x64.ActiveCfg = Release|x64
		{415B7C62-7007-42EE-A249-03D2B8BEE8D8}.Release|x64.Build.0 = Release|x64
		{53B0E186-77AC-4FB8-854D-21D70F19C96F}.Debug|Win32.ActiveCfg = Debug|Win32
		{53B0E186-77AC-4FB8-854D-21D70F19C96F}.Debug|Win32.Build.0 = Debug|Win32
		{53B0E186-77AC-4FB8-854D-21D70F19C96F}.Debug|x64.ActiveCfg = Debug|x64
		{53B0E186-77AC-4FB8-854D-21D70F19C96F}.Debug|x64.Build.0 = Debug|x64
		{53B0E186-77AC-4FB8-854D-21D70F19C96F}.Release|Win32.ActiveCfg = Release|Win32
		{53B0E186-77AC-4FB8-854D-21D70F19C96F}.Release|Win32.Build.0 = Release|Win32
		{53B0E186-77AC-4FB8-854D-21D70F19C96F}.Release|x64.ActiveCfg = Release|x64
		{53B0E186-77AC-4FB8-854D-21D70F19C96F}.Release|x64.Build.0 = Release|x64
		{59908A6A-0B68-479C-B4FD-645B965BA557}.Debug|Win32.ActiveCfg = Debug|Win32
		{59908A6A-0B68-479C-B4FD-645B965BA557}.Debug|Win32.Build.0 = Debug|Win32
		{59908A6A-0B68-479C-B4FD-645B965BA557}.Debug|x64.ActiveCfg = Debug|x64
		{59908A6A-0B68-479C-B4FD-645B965BA557}.Debug|x64.Build.0 = Debug|x64
		{59908A6A-0B68-479C-B4FD-645B965BA557}.Release|Win32.ActiveCfg = Release|Win32
		{59908A6A-0B68-479C-B4FD-645B965BA557}.Release|Win32.Build.0 = Release|Win32
		{59908A6A-0B68-479C-B4FD-645B965BA557}.Release|x64.ActiveCfg = Release|x64
		{59908A6A-0B68-479C-B4FD-645B965BA557}.Release|x64.Build.0 = Release|x64
		{D269DBB3-17C3-4577-96FD-F2A5F72373B3}.Debug|Win32.ActiveCfg = Debug|Win32
		{D269DBB3-17C3-4577-96FD-F2A5F72373B3}.Debug|Win32.Build.0 = Debug|Win32
		{D269DBB3-17C3-4577-96FD-F2A5F72373B3}.Debug|x64.ActiveCfg = Debug|x64
		{D269DBB3-17C3-4577-96FD-F2A5F72373B3}.Debug|x64.Build.0 = Debug|x64
		{D269DBB3-17C3-4577-96FD-F2A5F72373B3}.Release|Win32.ActiveCfg = Release|Win32
		{D269DBB3-17C3-4577-96FD-F2A5F72373B3}.Release|Win32.Build.0 = Release|Win32
		{D269DBB3-17C3-4577-96FD-F2A5F72373B3}.Release|x64.ActiveCfg = Release|x64
		{D269DBB3-17C3-4577-96FD-F2A5F72373B3}.Release|x64.Build.0 = Release|x64
	EndGlobalSection
	GlobalSection(SolutionProperties) = preSolution
		HideSolutionNode = FALSE
	EndGlobalSection
	GlobalSection(ExtensibilityGlobals) = postSolution
		SolutionGuid = {11F10A8C-5B00-4CF8-B695-390E8055E606}
	EndGlobalSection
EndGlobal
